
Microsoft Visual Studio Solution File, Format Version 11.00
# Visual Studio 2010
VisualStudioVersion = 11.0.21005.1
MinimumVisualStudioVersion = 10.0.40219.1
Project("{E24C65DC-7377-472B-9ABA-BC803B73C61A}") = "Hobbit", ".", "{D846AE5E-669F-4DE9-96FA-B317CB694DD7}"
	ProjectSection(WebsiteProperties) = preProject
		TargetFrameworkMoniker = ".NETFramework,Version%3Dv4.0"
		Debug.AspNetCompiler.VirtualPath = "/Hobbit"
		Debug.AspNetCompiler.PhysicalPath = "..\Hobbit\"
		Debug.AspNetCompiler.TargetPath = "PrecompiledWeb\Hobbit\"
		Debug.AspNetCompiler.Updateable = "true"
		Debug.AspNetCompiler.ForceOverwrite = "true"
		Debug.AspNetCompiler.FixedNames = "false"
		Debug.AspNetCompiler.Debug = "True"
		Release.AspNetCompiler.VirtualPath = "/Hobbit"
		Release.AspNetCompiler.PhysicalPath = "..\Hobbit\"
		Release.AspNetCompiler.TargetPath = "PrecompiledWeb\Hobbit\"
		Release.AspNetCompiler.Updateable = "true"
		Release.AspNetCompiler.ForceOverwrite = "true"
		Release.AspNetCompiler.FixedNames = "false"
		Release.AspNetCompiler.Debug = "False"
		VWDPort = "1408"
		SlnRelativePath = "..\Hobbit\"
	EndProjectSection
EndProject
Global
	GlobalSection(SolutionConfigurationPlatforms) = preSolution
		Debug|Any CPU = Debug|Any CPU
	EndGlobalSection
	GlobalSection(ProjectConfigurationPlatforms) = postSolution
		{D846AE5E-669F-4DE9-96FA-B317CB694DD7}.Debug|Any CPU.ActiveCfg = Debug|Any CPU
		{D846AE5E-669F-4DE9-96FA-B317CB694DD7}.Debug|Any CPU.Build.0 = Debug|Any CPU
	EndGlobalSection
	GlobalSection(SolutionProperties) = preSolution
		HideSolutionNode = FALSE
	EndGlobalSection
EndGlobal
